
Microsoft Visual Studio Solution File, Format Version 12.00
# Visual Studio Version 17
VisualStudioVersion = 17.2.32630.192
MinimumVisualStudioVersion = 10.0.40219.1
Project("{9A19103F-16F7-4668-BE54-9A1E7A4F7556}") = "ConsoleApp", "src\ConsoleApp\ConsoleApp.csproj", "{A753237B-6CF3-473B-AC49-0DACB8E8E6BF}"
EndProject
Project("{2150E333-8FDC-42A3-9474-1A3956D46DE8}") = "Solution Items", "Solution Items", "{8BBD17E1-595B-4860-A6AF-58A3C84A1B69}"
	ProjectSection(SolutionItems) = preProject
		LICENSE = LICENSE
		README.md = README.md
	EndProjectSection
EndProject
Global
	GlobalSection(SolutionConfigurationPlatforms) = preSolution
		Debug|Any CPU = Debug|Any CPU
		Release|Any CPU = Release|Any CPU
	EndGlobalSection
	GlobalSection(ProjectConfigurationPlatforms) = postSolution
		{A753237B-6CF3-473B-AC49-0DACB8E8E6BF}.Debug|Any CPU.ActiveCfg = Debug|Any CPU
		{A753237B-6CF3-473B-AC49-0DACB8E8E6BF}.Debug|Any CPU.Build.0 = Debug|Any CPU
		{A753237B-6CF3-473B-AC49-0DACB8E8E6BF}.Release|Any CPU.ActiveCfg = Release|Any CPU
		{A753237B-6CF3-473B-AC49-0DACB8E8E6BF}.Release|Any CPU.Build.0 = Release|Any CPU
	EndGlobalSection
	GlobalSection(SolutionProperties) = preSolution
		HideSolutionNode = FALSE
	EndGlobalSection
	GlobalSection(ExtensibilityGlobals) = postSolution
		SolutionGuid = {636B4492-B24B-4E49-98AA-6EA7370CC88B}
	EndGlobalSection
EndGlobal
